
Microsoft Visual Studio Solution File, Format Version 12.00
# Visual Studio Version 17
VisualStudioVersion = 17.3.32901.215
MinimumVisualStudioVersion = 10.0.40219.1
Project("{FAE04EC0-301F-11D3-BF4B-00C04F79EFBC}") = "PassThePen", "PassThePen\PassThePen.csproj", "{63E14A00-B9D6-4D1B-AEAF-427FCEB50FC0}"
EndProject
Global
	GlobalSection(SolutionConfigurationPlatforms) = preSolution
		Debug|Any CPU = Debug|Any CPU
		Release|Any CPU = Release|Any CPU
	EndGlobalSection
	GlobalSection(ProjectConfigurationPlatforms) = postSolution
		{63E14A00-B9D6-4D1B-AEAF-427FCEB50FC0}.Debug|Any CPU.ActiveCfg = Debug|Any CPU
		{63E14A00-B9D6-4D1B-AEAF-427FCEB50FC0}.Debug|Any CPU.Build.0 = Debug|Any CPU
		{63E14A00-B9D6-4D1B-AEAF-427FCEB50FC0}.Release|Any CPU.ActiveCfg = Release|Any CPU
		{63E14A00-B9D6-4D1B-AEAF-427FCEB50FC0}.Release|Any CPU.Build.0 = Release|Any CPU
	EndGlobalSection
	GlobalSection(SolutionProperties) = preSolution
		HideSolutionNode = FALSE
	EndGlobalSection
	GlobalSection(ExtensibilityGlobals) = postSolution
		SolutionGuid = {D9F4A0B3-A2F3-42E7-9099-454B790A7AA2}
	EndGlobalSection
EndGlobal
